
Microsoft Visual Studio Solution File, Format Version 12.00
# Visual Studio Version 16
VisualStudioVersion = 16.0.30523.141
MinimumVisualStudioVersion = 10.0.40219.1
Project("{FAE04EC0-301F-11D3-BF4B-00C04F79EFBC}") = "SuperContador", "SuperContador\SuperContador.csproj", "{F334C6CF-F5A7-4FD9-AACD-1A81FDB932F4}"
EndProject
Global
	GlobalSection(SolutionConfigurationPlatforms) = preSolution
		Debug|Any CPU = Debug|Any CPU
		Release|Any CPU = Release|Any CPU
	EndGlobalSection
	GlobalSection(ProjectConfigurationPlatforms) = postSolution
		{F334C6CF-F5A7-4FD9-AACD-1A81FDB932F4}.Debug|Any CPU.ActiveCfg = Debug|Any CPU
		{F334C6CF-F5A7-4FD9-AACD-1A81FDB932F4}.Debug|Any CPU.Build.0 = Debug|Any CPU
		{F334C6CF-F5A7-4FD9-AACD-1A81FDB932F4}.Release|Any CPU.ActiveCfg = Release|Any CPU
		{F334C6CF-F5A7-4FD9-AACD-1A81FDB932F4}.Release|Any CPU.Build.0 = Release|Any CPU
	EndGlobalSection
	GlobalSection(SolutionProperties) = preSolution
		HideSolutionNode = FALSE
	EndGlobalSection
	GlobalSection(ExtensibilityGlobals) = postSolution
		SolutionGuid = {69A4F968-5119-4002-B946-C0C122E978A8}
	EndGlobalSection
EndGlobal
