
Microsoft Visual Studio Solution File, Format Version 12.00
# Visual Studio Version 16
VisualStudioVersion = 16.0.30523.141
MinimumVisualStudioVersion = 10.0.40219.1
Project("{FAE04EC0-301F-11D3-BF4B-00C04F79EFBC}") = "ParOuImpar", "ParOuImpar\ParOuImpar.csproj", "{F1BE0E4C-8B2A-4ACE-BA07-D162A0B478AE}"
EndProject
Global
	GlobalSection(SolutionConfigurationPlatforms) = preSolution
		Debug|Any CPU = Debug|Any CPU
		Release|Any CPU = Release|Any CPU
	EndGlobalSection
	GlobalSection(ProjectConfigurationPlatforms) = postSolution
		{F1BE0E4C-8B2A-4ACE-BA07-D162A0B478AE}.Debug|Any CPU.ActiveCfg = Debug|Any CPU
		{F1BE0E4C-8B2A-4ACE-BA07-D162A0B478AE}.Debug|Any CPU.Build.0 = Debug|Any CPU
		{F1BE0E4C-8B2A-4ACE-BA07-D162A0B478AE}.Release|Any CPU.ActiveCfg = Release|Any CPU
		{F1BE0E4C-8B2A-4ACE-BA07-D162A0B478AE}.Release|Any CPU.Build.0 = Release|Any CPU
	EndGlobalSection
	GlobalSection(SolutionProperties) = preSolution
		HideSolutionNode = FALSE
	EndGlobalSection
	GlobalSection(ExtensibilityGlobals) = postSolution
		SolutionGuid = {8E66F77B-5D50-487C-8C5D-CCDC2ABF32C4}
	EndGlobalSection
EndGlobal
