
Microsoft Visual Studio Solution File, Format Version 12.00
# Visual Studio Version 16
VisualStudioVersion = 16.0.30523.141
MinimumVisualStudioVersion = 10.0.40219.1
Project("{FAE04EC0-301F-11D3-BF4B-00C04F79EFBC}") = "PossoViajar", "PossoViajar\PossoViajar.csproj", "{75556454-DD91-46B2-A575-C23019D503D4}"
EndProject
Global
	GlobalSection(SolutionConfigurationPlatforms) = preSolution
		Debug|Any CPU = Debug|Any CPU
		Release|Any CPU = Release|Any CPU
	EndGlobalSection
	GlobalSection(ProjectConfigurationPlatforms) = postSolution
		{75556454-DD91-46B2-A575-C23019D503D4}.Debug|Any CPU.ActiveCfg = Debug|Any CPU
		{75556454-DD91-46B2-A575-C23019D503D4}.Debug|Any CPU.Build.0 = Debug|Any CPU
		{75556454-DD91-46B2-A575-C23019D503D4}.Release|Any CPU.ActiveCfg = Release|Any CPU
		{75556454-DD91-46B2-A575-C23019D503D4}.Release|Any CPU.Build.0 = Release|Any CPU
	EndGlobalSection
	GlobalSection(SolutionProperties) = preSolution
		HideSolutionNode = FALSE
	EndGlobalSection
	GlobalSection(ExtensibilityGlobals) = postSolution
		SolutionGuid = {6C6CA0C5-B437-49DF-8537-B7973BA4ED87}
	EndGlobalSection
EndGlobal
