
Microsoft Visual Studio Solution File, Format Version 12.00
# Visual Studio Version 16
VisualStudioVersion = 16.0.30523.141
MinimumVisualStudioVersion = 10.0.40219.1
Project("{FAE04EC0-301F-11D3-BF4B-00C04F79EFBC}") = "QuantosEntre0e10", "QuantosEntre0e10\QuantosEntre0e10.csproj", "{A17B52CA-1AE6-4D0D-9806-7B583F8E3309}"
EndProject
Global
	GlobalSection(SolutionConfigurationPlatforms) = preSolution
		Debug|Any CPU = Debug|Any CPU
		Release|Any CPU = Release|Any CPU
	EndGlobalSection
	GlobalSection(ProjectConfigurationPlatforms) = postSolution
		{A17B52CA-1AE6-4D0D-9806-7B583F8E3309}.Debug|Any CPU.ActiveCfg = Debug|Any CPU
		{A17B52CA-1AE6-4D0D-9806-7B583F8E3309}.Debug|Any CPU.Build.0 = Debug|Any CPU
		{A17B52CA-1AE6-4D0D-9806-7B583F8E3309}.Release|Any CPU.ActiveCfg = Release|Any CPU
		{A17B52CA-1AE6-4D0D-9806-7B583F8E3309}.Release|Any CPU.Build.0 = Release|Any CPU
	EndGlobalSection
	GlobalSection(SolutionProperties) = preSolution
		HideSolutionNode = FALSE
	EndGlobalSection
	GlobalSection(ExtensibilityGlobals) = postSolution
		SolutionGuid = {B2A8D4D0-0DC4-4552-909F-E8FE5090D90B}
	EndGlobalSection
EndGlobal
